// !$*UTF8*$!
{
	archiveVersion = 1;
	classes = {
	};
	objectVersion = 46;
	objects = {

/* Begin PBXBuildFile section */
		286173571DEDEF0C00247541 /* AppDelegate.swift in Sources */ = {isa = PBXBuildFile; fileRef = 286173561DEDEF0C00247541 /* AppDelegate.swift */; };
		286173591DEDEF0C00247541 /* ChatViewController.swift in Sources */ = {isa = PBXBuildFile; fileRef = 286173581DEDEF0C00247541 /* ChatViewController.swift */; };
		2861735C1DEDEF0C00247541 /* Main.storyboard in Resources */ = {isa = PBXBuildFile; fileRef = 2861735A1DEDEF0C00247541 /* Main.storyboard */; };
		2861735E1DEDEF0C00247541 /* Assets.xcassets in Resources */ = {isa = PBXBuildFile; fileRef = 2861735D1DEDEF0C00247541 /* Assets.xcassets */; };
		286173611DEDEF0C00247541 /* LaunchScreen.storyboard in Resources */ = {isa = PBXBuildFile; fileRef = 2861735F1DEDEF0C00247541 /* LaunchScreen.storyboard */; };
		2878B4931EB1162000FC7E18 /* Utils.swift in Sources */ = {isa = PBXBuildFile; fileRef = 2878B4921EB1162000FC7E18 /* Utils.swift */; };
/* End PBXBuildFile section */

/* Begin PBXFileReference section */
		286173531DEDEF0C00247541 /* ChatQuickstart.app */ = {isa = PBXFileReference; explicitFileType = wrapper.application; includeInIndex = 0; path = ChatQuickstart.app; sourceTree = BUILT_PRODUCTS_DIR; };
		286173561DEDEF0C00247541 /* AppDelegate.swift */ = {isa = PBXFileReference; lastKnownFileType = sourcecode.swift; path = AppDelegate.swift; sourceTree = "<group>"; };
		286173581DEDEF0C00247541 /* ChatViewController.swift */ = {isa = PBXFileReference; lastKnownFileType = sourcecode.swift; path = ChatViewController.swift; sourceTree = "<group>"; };
		2861735B1DEDEF0C00247541 /* Base */ = {isa = PBXFileReference; lastKnownFileType = file.storyboard; name = Base; path = Base.lproj/Main.storyboard; sourceTree = "<group>"; };
		2861735D1DEDEF0C00247541 /* Assets.xcassets */ = {isa = PBXFileReference; lastKnownFileType = folder.assetcatalog; path = Assets.xcassets; sourceTree = "<group>"; };
		286173601DEDEF0C00247541 /* Base */ = {isa = PBXFileReference; lastKnownFileType = file.storyboard; name = Base; path = Base.lproj/LaunchScreen.storyboard; sourceTree = "<group>"; };
		286173621DEDEF0C00247541 /* Info.plist */ = {isa = PBXFileReference; lastKnownFileType = text.plist.xml; path = Info.plist; sourceTree = "<group>"; };
		2878B4921EB1162000FC7E18 /* Utils.swift */ = {isa = PBXFileReference; fileEncoding = 4; lastKnownFileType = sourcecode.swift; path = Utils.swift; sourceTree = "<group>"; };
/* End PBXFileReference section */

/* Begin PBXFrameworksBuildPhase section */
		286173501DEDEF0C00247541 /* Frameworks */ = {
			isa = PBXFrameworksBuildPhase;
			buildActionMask = 2147483647;
			files = (
			);
			runOnlyForDeploymentPostprocessing = 0;
		};
/* End PBXFrameworksBuildPhase section */

/* Begin PBXGroup section */
		2861734A1DEDEF0C00247541 = {
			isa = PBXGroup;
			children = (
				286173551DEDEF0C00247541 /* ChatQuickstart */,
				286173541DEDEF0C00247541 /* Products */,
			);
			sourceTree = "<group>";
		};
		286173541DEDEF0C00247541 /* Products */ = {
			isa = PBXGroup;
			children = (
				286173531DEDEF0C00247541 /* ChatQuickstart.app */,
			);
			name = Products;
			sourceTree = "<group>";
		};
		286173551DEDEF0C00247541 /* ChatQuickstart */ = {
			isa = PBXGroup;
			children = (
				286173561DEDEF0C00247541 /* AppDelegate.swift */,
				286173581DEDEF0C00247541 /* ChatViewController.swift */,
				2861735A1DEDEF0C00247541 /* Main.storyboard */,
				2861735D1DEDEF0C00247541 /* Assets.xcassets */,
				2861735F1DEDEF0C00247541 /* LaunchScreen.storyboard */,
				286173621DEDEF0C00247541 /* Info.plist */,
				2878B4921EB1162000FC7E18 /* Utils.swift */,
			);
			path = ChatQuickstart;
			sourceTree = "<group>";
		};
/* End PBXGroup section */

/* Begin PBXNativeTarget section */
		286173521DEDEF0C00247541 /* ChatQuickstart */ = {
			isa = PBXNativeTarget;
			buildConfigurationList = 286173651DEDEF0C00247541 /* Build configuration list for PBXNativeTarget "ChatQuickstart" */;
			buildPhases = (
				2861734F1DEDEF0C00247541 /* Sources */,
				286173501DEDEF0C00247541 /* Frameworks */,
				286173511DEDEF0C00247541 /* Resources */,
			);
			buildRules = (
			);
			dependencies = (
			);
			name = ChatQuickstart;
			productName = ChatQuickstart;
			productReference = 286173531DEDEF0C00247541 /* ChatQuickstart.app */;
			productType = "com.apple.product-type.application";
		};
/* End PBXNativeTarget section */

/* Begin PBXProject section */
		2861734B1DEDEF0C00247541 /* Project object */ = {
			isa = PBXProject;
			attributes = {
				LastSwiftUpdateCheck = 0810;
				LastUpgradeCheck = 0810;
				ORGANIZATIONNAME = "Twilio, Inc.";
				TargetAttributes = {
					286173521DEDEF0C00247541 = {
						CreatedOnToolsVersion = 8.1;
						LastSwiftMigration = 0920;
						ProvisioningStyle = Automatic;
					};
				};
			};
			buildConfigurationList = 2861734E1DEDEF0C00247541 /* Build configuration list for PBXProject "ChatQuickstart" */;
			compatibilityVersion = "Xcode 3.2";
			developmentRegion = English;
			hasScannedForEncodings = 0;
			knownRegions = (
				en,
				Base,
			);
			mainGroup = 2861734A1DEDEF0C00247541;
			productRefGroup = 286173541DEDEF0C00247541 /* Products */;
			projectDirPath = "";
			projectRoot = "";
			targets = (
				286173521DEDEF0C00247541 /* ChatQuickstart */,
			);
		};
/* End PBXProject section */

/* Begin PBXResourcesBuildPhase section */
		286173511DEDEF0C00247541 /* Resources */ = {
			isa = PBXResourcesBuildPhase;
			buildActionMask = 2147483647;
			files = (
				286173611DEDEF0C00247541 /* LaunchScreen.storyboard in Resources */,
				2861735E1DEDEF0C00247541 /* Assets.xcassets in Resources */,
				2861735C1DEDEF0C00247541 /* Main.storyboard in Resources */,
			);
			runOnlyForDeploymentPostprocessing = 0;
		};
/* End PBXResourcesBuildPhase section */

/* Begin PBXSourcesBuildPhase section */
		2861734F1DEDEF0C00247541 /* Sources */ = {
			isa = PBXSourcesBuildPhase;
			buildActionMask = 2147483647;
			files = (
				286173591DEDEF0C00247541 /* ChatViewController.swift in Sources */,
				286173571DEDEF0C00247541 /* AppDelegate.swift in Sources */,
				2878B4931EB1162000FC7E18 /* Utils.swift in Sources */,
			);
			runOnlyForDeploymentPostprocessing = 0;
		};
/* End PBXSourcesBuildPhase section */

/* Begin PBXVariantGroup section */
		2861735A1DEDEF0C00247541 /* Main.storyboard */ = {
			isa = PBXVariantGroup;
			children = (
				2861735B1DEDEF0C00247541 /* Base */,
			);
			name = Main.storyboard;
			sourceTree = "<group>";
		};
		2861735F1DEDEF0C00247541 /* LaunchScreen.storyboard */ = {
			isa = PBXVariantGroup;
			children = (
				286173601DEDEF0C00247541 /* Base */,
			);
			name = LaunchScreen.storyboard;
			sourceTree = "<group>";
		};
/* End PBXVariantGroup section */

/* Begin XCBuildConfiguration section */
		286173631DEDEF0C00247541 /* Debug */ = {
			isa = XCBuildConfiguration;
			buildSettings = {
				ALWAYS_SEARCH_USER_PATHS = NO;
				CLANG_ANALYZER_NONNULL = YES;
				CLANG_CXX_LANGUAGE_STANDARD = "gnu++0x";
				CLANG_CXX_LIBRARY = "libc++";
				CLANG_ENABLE_MODULES = YES;
				CLANG_ENABLE_OBJC_ARC = YES;
				CLANG_WARN_BOOL_CONVERSION = YES;
				CLANG_WARN_CONSTANT_CONVERSION = YES;
				CLANG_WARN_DIRECT_OBJC_ISA_USAGE = YES_ERROR;
				CLANG_WARN_DOCUMENTATION_COMMENTS = YES;
				CLANG_WARN_EMPTY_BODY = YES;
				CLANG_WARN_ENUM_CONVERSION = YES;
				CLANG_WARN_INFINITE_RECURSION = YES;
				CLANG_WARN_INT_CONVERSION = YES;
				CLANG_WARN_OBJC_ROOT_CLASS = YES_ERROR;
				CLANG_WARN_SUSPICIOUS_MOVES = YES;
				CLANG_WARN_UNREACHABLE_CODE = YES;
				CLANG_WARN__DUPLICATE_METHOD_MATCH = YES;
				"CODE_SIGN_IDENTITY[sdk=iphoneos*]" = "iPhone Developer";
				COPY_PHASE_STRIP = NO;
				DEBUG_INFORMATION_FORMAT = dwarf;
				ENABLE_STRICT_OBJC_MSGSEND = YES;
				ENABLE_TESTABILITY = YES;
				GCC_C_LANGUAGE_STANDARD = gnu99;
				GCC_DYNAMIC_NO_PIC = NO;
				GCC_NO_COMMON_BLOCKS = YES;
				GCC_OPTIMIZATION_LEVEL = 0;
				GCC_PREPROCESSOR_DEFINITIONS = (
					"DEBUG=1",
					"$(inherited)",
				);
				GCC_WARN_64_TO_32_BIT_CONVERSION = YES;
				GCC_WARN_ABOUT_RETURN_TYPE = YES_ERROR;
				GCC_WARN_UNDECLARED_SELECTOR = YES;
				GCC_WARN_UNINITIALIZED_AUTOS = YES_AGGRESSIVE;
				GCC_WARN_UNUSED_FUNCTION = YES;
				GCC_WARN_UNUSED_VARIABLE = YES;
				IPHONEOS_DEPLOYMENT_TARGET = 10.1;
				MTL_ENABLE_DEBUG_INFO = YES;
				ONLY_ACTIVE_ARCH = YES;
				SDKROOT = iphoneos;
				SWIFT_ACTIVE_COMPILATION_CONDITIONS = DEBUG;
				SWIFT_OPTIMIZATION_LEVEL = "-Onone";
				TARGETED_DEVICE_FAMILY = "1,2";
			};
			name = Debug;
		};
		286173641DEDEF0C00247541 /* Release */ = {
			isa = XCBuildConfiguration;
			buildSettings = {
				ALWAYS_SEARCH_USER_PATHS = NO;
				CLANG_ANALYZER_NONNULL = YES;
				CLANG_CXX_LANGUAGE_STANDARD = "gnu++0x";
				CLANG_CXX_LIBRARY = "libc++";
				CLANG_ENABLE_MODULES = YES;
				CLANG_ENABLE_OBJC_ARC = YES;
				CLANG_WARN_BOOL_CONVERSION = YES;
				CLANG_WARN_CONSTANT_CONVERSION = YES;
				CLANG_WARN_DIRECT_OBJC_ISA_USAGE = YES_ERROR;
				CLANG_WARN_DOCUMENTATION_COMMENTS = YES;
				CLANG_WARN_EMPTY_BODY = YES;
				CLANG_WARN_ENUM_CONVERSION = YES;
				CLANG_WARN_INFINITE_RECURSION = YES;
				CLANG_WARN_INT_CONVERSION = YES;
				CLANG_WARN_OBJC_ROOT_CLASS = YES_ERROR;
				CLANG_WARN_SUSPICIOUS_MOVES = YES;
				CLANG_WARN_UNREACHABLE_CODE = YES;
				CLANG_WARN__DUPLICATE_METHOD_MATCH = YES;
				"CODE_SIGN_IDENTITY[sdk=iphoneos*]" = "iPhone Developer";
				COPY_PHASE_STRIP = NO;
				DEBUG_INFORMATION_FORMAT = "dwarf-with-dsym";
				ENABLE_NS_ASSERTIONS = NO;
				ENABLE_STRICT_OBJC_MSGSEND = YES;
				GCC_C_LANGUAGE_STANDARD = gnu99;
				GCC_NO_COMMON_BLOCKS = YES;
				GCC_WARN_64_TO_32_BIT_CONVERSION = YES;
				GCC_WARN_ABOUT_RETURN_TYPE = YES_ERROR;
				GCC_WARN_UNDECLARED_SELECTOR = YES;
				GCC_WARN_UNINITIALIZED_AUTOS = YES_AGGRESSIVE;
				GCC_WARN_UNUSED_FUNCTION = YES;
				GCC_WARN_UNUSED_VARIABLE = YES;
				IPHONEOS_DEPLOYMENT_TARGET = 10.1;
				MTL_ENABLE_DEBUG_INFO = NO;
				SDKROOT = iphoneos;
				SWIFT_OPTIMIZATION_LEVEL = "-Owholemodule";
				TARGETED_DEVICE_FAMILY = "1,2";
				VALIDATE_PRODUCT = YES;
			};
			name = Release;
		};
		286173661DEDEF0C00247541 /* Debug */ = {
			isa = XCBuildConfiguration;
			buildSettings = {
				ASSETCATALOG_COMPILER_APPICON_NAME = AppIcon;
				INFOPLIST_FILE = ChatQuickstart/Info.plist;
				LD_RUNPATH_SEARCH_PATHS = "$(inherited) @executable_path/Frameworks";
				PRODUCT_BUNDLE_IDENTIFIER = com.twilio.ChatQuickstart;
				PRODUCT_NAME = "$(TARGET_NAME)";
				SWIFT_SWIFT3_OBJC_INFERENCE = Default;
				SWIFT_VERSION = 4.0;
			};
			name = Debug;
		};
		286173671DEDEF0C00247541 /* Release */ = {
			isa = XCBuildConfiguration;
			buildSettings = {
				ASSETCATALOG_COMPILER_APPICON_NAME = AppIcon;
				INFOPLIST_FILE = ChatQuickstart/Info.plist;
				LD_RUNPATH_SEARCH_PATHS = "$(inherited) @executable_path/Frameworks";
				PRODUCT_BUNDLE_IDENTIFIER = com.twilio.ChatQuickstart;
				PRODUCT_NAME = "$(TARGET_NAME)";
				SWIFT_SWIFT3_OBJC_INFERENCE = Default;
				SWIFT_VERSION = 4.0;
			};
			name = Release;
		};
/* End XCBuildConfiguration section */

/* Begin XCConfigurationList section */
		2861734E1DEDEF0C00247541 /* Build configuration list for PBXProject "ChatQuickstart" */ = {
			isa = XCConfigurationList;
			buildConfigurations = (
				286173631DEDEF0C00247541 /* Debug */,
				286173641DEDEF0C00247541 /* Release */,
			);
			defaultConfigurationIsVisible = 0;
			defaultConfigurationName = Release;
		};
		286173651DEDEF0C00247541 /* Build configuration list for PBXNativeTarget "ChatQuickstart" */ = {
			isa = XCConfigurationList;
			buildConfigurations = (
				286173661DEDEF0C00247541 /* Debug */,
				286173671DEDEF0C00247541 /* Release */,
			);
			defaultConfigurationIsVisible = 0;
			defaultConfigurationName = Release;
		};
/* End XCConfigurationList section */
	};
	rootObject = 2861734B1DEDEF0C00247541 /* Project object */;
}
